// !$*UTF8*$!
{
	archiveVersion = 1;
	classes = {
	};
	objectVersion = 56;
	objects = {

/* Begin PBXBuildFile section */
		2205BE1029BF32CD000B5231 /* MealPlannerApp.swift in Sources */ = {isa = PBXBuildFile; fileRef = 2205BE0F29BF32CD000B5231 /* MealPlannerApp.swift */; };
		2205BE1229BF32CD000B5231 /* ContentView.swift in Sources */ = {isa = PBXBuildFile; fileRef = 2205BE1129BF32CD000B5231 /* ContentView.swift */; };
		2205BE1429BF32CE000B5231 /* Assets.xcassets in Resources */ = {isa = PBXBuildFile; fileRef = 2205BE1329BF32CE000B5231 /* Assets.xcassets */; };
		2205BE1729BF32CE000B5231 /* Preview Assets.xcassets in Resources */ = {isa = PBXBuildFile; fileRef = 2205BE1629BF32CE000B5231 /* Preview Assets.xcassets */; };
		2205BE1929BF32CE000B5231 /* Persistence.swift in Sources */ = {isa = PBXBuildFile; fileRef = 2205BE1829BF32CE000B5231 /* Persistence.swift */; };
		2205BE1C29BF32CE000B5231 /* MealPlanner.xcdatamodeld in Sources */ = {isa = PBXBuildFile; fileRef = 2205BE1A29BF32CE000B5231 /* MealPlanner.xcdatamodeld */; };
		2205BE2729BF32CE000B5231 /* MealPlannerTests.swift in Sources */ = {isa = PBXBuildFile; fileRef = 2205BE2629BF32CE000B5231 /* MealPlannerTests.swift */; };
		2205BE3129BF32CE000B5231 /* MealPlannerUITests.swift in Sources */ = {isa = PBXBuildFile; fileRef = 2205BE3029BF32CE000B5231 /* MealPlannerUITests.swift */; };
		2205BE3329BF32CE000B5231 /* MealPlannerUITestsLaunchTests.swift in Sources */ = {isa = PBXBuildFile; fileRef = 2205BE3229BF32CE000B5231 /* MealPlannerUITestsLaunchTests.swift */; };
/* End PBXBuildFile section */

/* Begin PBXContainerItemProxy section */
		2205BE2329BF32CE000B5231 /* PBXContainerItemProxy */ = {
			isa = PBXContainerItemProxy;
			containerPortal = 2205BE0429BF32CD000B5231 /* Project object */;
			proxyType = 1;
			remoteGlobalIDString = 2205BE0B29BF32CD000B5231;
			remoteInfo = MealPlanner;
		};
		2205BE2D29BF32CE000B5231 /* PBXContainerItemProxy */ = {
			isa = PBXContainerItemProxy;
			containerPortal = 2205BE0429BF32CD000B5231 /* Project object */;
			proxyType = 1;
			remoteGlobalIDString = 2205BE0B29BF32CD000B5231;
			remoteInfo = MealPlanner;
		};
/* End PBXContainerItemProxy section */

/* Begin PBXFileReference section */
		2205BE0C29BF32CD000B5231 /* MealPlanner.app */ = {isa = PBXFileReference; explicitFileType = wrapper.application; includeInIndex = 0; path = MealPlanner.app; sourceTree = BUILT_PRODUCTS_DIR; };
		2205BE0F29BF32CD000B5231 /* MealPlannerApp.swift */ = {isa = PBXFileReference; lastKnownFileType = sourcecode.swift; path = MealPlannerApp.swift; sourceTree = "<group>"; };
		2205BE1129BF32CD000B5231 /* ContentView.swift */ = {isa = PBXFileReference; lastKnownFileType = sourcecode.swift; path = ContentView.swift; sourceTree = "<group>"; };
		2205BE1329BF32CE000B5231 /* Assets.xcassets */ = {isa = PBXFileReference; lastKnownFileType = folder.assetcatalog; path = Assets.xcassets; sourceTree = "<group>"; };
		2205BE1629BF32CE000B5231 /* Preview Assets.xcassets */ = {isa = PBXFileReference; lastKnownFileType = folder.assetcatalog; path = "Preview Assets.xcassets"; sourceTree = "<group>"; };
		2205BE1829BF32CE000B5231 /* Persistence.swift */ = {isa = PBXFileReference; lastKnownFileType = sourcecode.swift; path = Persistence.swift; sourceTree = "<group>"; };
		2205BE1B29BF32CE000B5231 /* MealPlanner.xcdatamodel */ = {isa = PBXFileReference; lastKnownFileType = wrapper.xcdatamodel; path = MealPlanner.xcdatamodel; sourceTree = "<group>"; };
		2205BE1D29BF32CE000B5231 /* Info.plist */ = {isa = PBXFileReference; lastKnownFileType = text.plist.xml; path = Info.plist; sourceTree = "<group>"; };
		2205BE2229BF32CE000B5231 /* MealPlannerTests.xctest */ = {isa = PBXFileReference; explicitFileType = wrapper.cfbundle; includeInIndex = 0; path = MealPlannerTests.xctest; sourceTree = BUILT_PRODUCTS_DIR; };
		2205BE2629BF32CE000B5231 /* MealPlannerTests.swift */ = {isa = PBXFileReference; lastKnownFileType = sourcecode.swift; path = MealPlannerTests.swift; sourceTree = "<group>"; };
		2205BE2C29BF32CE000B5231 /* MealPlannerUITests.xctest */ = {isa = PBXFileReference; explicitFileType = wrapper.cfbundle; includeInIndex = 0; path = MealPlannerUITests.xctest; sourceTree = BUILT_PRODUCTS_DIR; };
		2205BE3029BF32CE000B5231 /* MealPlannerUITests.swift */ = {isa = PBXFileReference; lastKnownFileType = sourcecode.swift; path = MealPlannerUITests.swift; sourceTree = "<group>"; };
		2205BE3229BF32CE000B5231 /* MealPlannerUITestsLaunchTests.swift */ = {isa = PBXFileReference; lastKnownFileType = sourcecode.swift; path = MealPlannerUITestsLaunchTests.swift; sourceTree = "<group>"; };
/* End PBXFileReference section */

/* Begin PBXFrameworksBuildPhase section */
		2205BE0929BF32CD000B5231 /* Frameworks */ = {
			isa = PBXFrameworksBuildPhase;
			buildActionMask = 2147483647;
			files = (
			);
			runOnlyForDeploymentPostprocessing = 0;
		};
		2205BE1F29BF32CE000B5231 /* Frameworks */ = {
			isa = PBXFrameworksBuildPhase;
			buildActionMask = 2147483647;
			files = (
			);
			runOnlyForDeploymentPostprocessing = 0;
		};
		2205BE2929BF32CE000B5231 /* Frameworks */ = {
			isa = PBXFrameworksBuildPhase;
			buildActionMask = 2147483647;
			files = (
			);
			runOnlyForDeploymentPostprocessing = 0;
		};
/* End PBXFrameworksBuildPhase section */

/* Begin PBXGroup section */
		2205BE0329BF32CD000B5231 = {
			isa = PBXGroup;
			children = (
				2205BE0E29BF32CD000B5231 /* MealPlanner */,
				2205BE2529BF32CE000B5231 /* MealPlannerTests */,
				2205BE2F29BF32CE000B5231 /* MealPlannerUITests */,
				2205BE0D29BF32CD000B5231 /* Products */,
			);
			sourceTree = "<group>";
		};
		2205BE0D29BF32CD000B5231 /* Products */ = {
			isa = PBXGroup;
			children = (
				2205BE0C29BF32CD000B5231 /* MealPlanner.app */,
				2205BE2229BF32CE000B5231 /* MealPlannerTests.xctest */,
				2205BE2C29BF32CE000B5231 /* MealPlannerUITests.xctest */,
			);
			name = Products;
			sourceTree = "<group>";
		};
		2205BE0E29BF32CD000B5231 /* MealPlanner */ = {
			isa = PBXGroup;
			children = (
				2205BE0F29BF32CD000B5231 /* MealPlannerApp.swift */,
				2205BE1129BF32CD000B5231 /* ContentView.swift */,
				2205BE1329BF32CE000B5231 /* Assets.xcassets */,
				2205BE1829BF32CE000B5231 /* Persistence.swift */,
				2205BE1D29BF32CE000B5231 /* Info.plist */,
				2205BE1A29BF32CE000B5231 /* MealPlanner.xcdatamodeld */,
				2205BE1529BF32CE000B5231 /* Preview Content */,
			);
			path = MealPlanner;
			sourceTree = "<group>";
		};
		2205BE1529BF32CE000B5231 /* Preview Content */ = {
			isa = PBXGroup;
			children = (
				2205BE1629BF32CE000B5231 /* Preview Assets.xcassets */,
			);
			path = "Preview Content";
			sourceTree = "<group>";
		};
		2205BE2529BF32CE000B5231 /* MealPlannerTests */ = {
			isa = PBXGroup;
			children = (
				2205BE2629BF32CE000B5231 /* MealPlannerTests.swift */,
			);
			path = MealPlannerTests;
			sourceTree = "<group>";
		};
		2205BE2F29BF32CE000B5231 /* MealPlannerUITests */ = {
			isa = PBXGroup;
			children = (
				2205BE3029BF32CE000B5231 /* MealPlannerUITests.swift */,
				2205BE3229BF32CE000B5231 /* MealPlannerUITestsLaunchTests.swift */,
			);
			path = MealPlannerUITests;
			sourceTree = "<group>";
		};
/* End PBXGroup section */

/* Begin PBXNativeTarget section */
		2205BE0B29BF32CD000B5231 /* MealPlanner */ = {
			isa = PBXNativeTarget;
			buildConfigurationList = 2205BE3629BF32CE000B5231 /* Build configuration list for PBXNativeTarget "MealPlanner" */;
			buildPhases = (
				2205BE0829BF32CD000B5231 /* Sources */,
				2205BE0929BF32CD000B5231 /* Frameworks */,
				2205BE0A29BF32CD000B5231 /* Resources */,
			);
			buildRules = (
			);
			dependencies = (
			);
			name = MealPlanner;
			productName = MealPlanner;
			productReference = 2205BE0C29BF32CD000B5231 /* MealPlanner.app */;
			productType = "com.apple.product-type.application";
		};
		2205BE2129BF32CE000B5231 /* MealPlannerTests */ = {
			isa = PBXNativeTarget;
			buildConfigurationList = 2205BE3929BF32CE000B5231 /* Build configuration list for PBXNativeTarget "MealPlannerTests" */;
			buildPhases = (
				2205BE1E29BF32CE000B5231 /* Sources */,
				2205BE1F29BF32CE000B5231 /* Frameworks */,
				2205BE2029BF32CE000B5231 /* Resources */,
			);
			buildRules = (
			);
			dependencies = (
				2205BE2429BF32CE000B5231 /* PBXTargetDependency */,
			);
			name = MealPlannerTests;
			productName = MealPlannerTests;
			productReference = 2205BE2229BF32CE000B5231 /* MealPlannerTests.xctest */;
			productType = "com.apple.product-type.bundle.unit-test";
		};
		2205BE2B29BF32CE000B5231 /* MealPlannerUITests */ = {
			isa = PBXNativeTarget;
			buildConfigurationList = 2205BE3C29BF32CE000B5231 /* Build configuration list for PBXNativeTarget "MealPlannerUITests" */;
			buildPhases = (
				2205BE2829BF32CE000B5231 /* Sources */,
				2205BE2929BF32CE000B5231 /* Frameworks */,
				2205BE2A29BF32CE000B5231 /* Resources */,
			);
			buildRules = (
			);
			dependencies = (
				2205BE2E29BF32CE000B5231 /* PBXTargetDependency */,
			);
			name = MealPlannerUITests;
			productName = MealPlannerUITests;
			productReference = 2205BE2C29BF32CE000B5231 /* MealPlannerUITests.xctest */;
			productType = "com.apple.product-type.bundle.ui-testing";
		};
/* End PBXNativeTarget section */

/* Begin PBXProject section */
		2205BE0429BF32CD000B5231 /* Project object */ = {
			isa = PBXProject;
			attributes = {
				BuildIndependentTargetsInParallel = 1;
				LastSwiftUpdateCheck = 1420;
				LastUpgradeCheck = 1420;
				TargetAttributes = {
					2205BE0B29BF32CD000B5231 = {
						CreatedOnToolsVersion = 14.2;
					};
					2205BE2129BF32CE000B5231 = {
						CreatedOnToolsVersion = 14.2;
						TestTargetID = 2205BE0B29BF32CD000B5231;
					};
					2205BE2B29BF32CE000B5231 = {
						CreatedOnToolsVersion = 14.2;
						TestTargetID = 2205BE0B29BF32CD000B5231;
					};
				};
			};
			buildConfigurationList = 2205BE0729BF32CD000B5231 /* Build configuration list for PBXProject "MealPlanner" */;
			compatibilityVersion = "Xcode 14.0";
			developmentRegion = en;
			hasScannedForEncodings = 0;
			knownRegions = (
				en,
				Base,
			);
			mainGroup = 2205BE0329BF32CD000B5231;
			productRefGroup = 2205BE0D29BF32CD000B5231 /* Products */;
			projectDirPath = "";
			projectRoot = "";
			targets = (
				2205BE0B29BF32CD000B5231 /* MealPlanner */,
				2205BE2129BF32CE000B5231 /* MealPlannerTests */,
				2205BE2B29BF32CE000B5231 /* MealPlannerUITests */,
			);
		};
/* End PBXProject section */

/* Begin PBXResourcesBuildPhase section */
		2205BE0A29BF32CD000B5231 /* Resources */ = {
			isa = PBXResourcesBuildPhase;
			buildActionMask = 2147483647;
			files = (
				2205BE1729BF32CE000B5231 /* Preview Assets.xcassets in Resources */,
				2205BE1429BF32CE000B5231 /* Assets.xcassets in Resources */,
			);
			runOnlyForDeploymentPostprocessing = 0;
		};
		2205BE2029BF32CE000B5231 /* Resources */ = {
			isa = PBXResourcesBuildPhase;
			buildActionMask = 2147483647;
			files = (
			);
			runOnlyForDeploymentPostprocessing = 0;
		};
		2205BE2A29BF32CE000B5231 /* Resources */ = {
			isa = PBXResourcesBuildPhase;
			buildActionMask = 2147483647;
			files = (
			);
			runOnlyForDeploymentPostprocessing = 0;
		};
/* End PBXResourcesBuildPhase section */

/* Begin PBXSourcesBuildPhase section */
		2205BE0829BF32CD000B5231 /* Sources */ = {
			isa = PBXSourcesBuildPhase;
			buildActionMask = 2147483647;
			files = (
				2205BE1929BF32CE000B5231 /* Persistence.swift in Sources */,
				2205BE1229BF32CD000B5231 /* ContentView.swift in Sources */,
				2205BE1029BF32CD000B5231 /* MealPlannerApp.swift in Sources */,
				2205BE1C29BF32CE000B5231 /* MealPlanner.xcdatamodeld in Sources */,
			);
			runOnlyForDeploymentPostprocessing = 0;
		};
		2205BE1E29BF32CE000B5231 /* Sources */ = {
			isa = PBXSourcesBuildPhase;
			buildActionMask = 2147483647;
			files = (
				2205BE2729BF32CE000B5231 /* MealPlannerTests.swift in Sources */,
			);
			runOnlyForDeploymentPostprocessing = 0;
		};
		2205BE2829BF32CE000B5231 /* Sources */ = {
			isa = PBXSourcesBuildPhase;
			buildActionMask = 2147483647;
			files = (
				2205BE3329BF32CE000B5231 /* MealPlannerUITestsLaunchTests.swift in Sources */,
				2205BE3129BF32CE000B5231 /* MealPlannerUITests.swift in Sources */,
			);
			runOnlyForDeploymentPostprocessing = 0;
		};
/* End PBXSourcesBuildPhase section */

/* Begin PBXTargetDependency section */
		2205BE2429BF32CE000B5231 /* PBXTargetDependency */ = {
			isa = PBXTargetDependency;
			target = 2205BE0B29BF32CD000B5231 /* MealPlanner */;
			targetProxy = 2205BE2329BF32CE000B5231 /* PBXContainerItemProxy */;
		};
		2205BE2E29BF32CE000B5231 /* PBXTargetDependency */ = {
			isa = PBXTargetDependency;
			target = 2205BE0B29BF32CD000B5231 /* MealPlanner */;
			targetProxy = 2205BE2D29BF32CE000B5231 /* PBXContainerItemProxy */;
		};
/* End PBXTargetDependency section */

/* Begin XCBuildConfiguration section */
		2205BE3429BF32CE000B5231 /* Debug */ = {
			isa = XCBuildConfiguration;
			buildSettings = {
				ALWAYS_SEARCH_USER_PATHS = NO;
				CLANG_ANALYZER_NONNULL = YES;
				CLANG_ANALYZER_NUMBER_OBJECT_CONVERSION = YES_AGGRESSIVE;
				CLANG_CXX_LANGUAGE_STANDARD = "gnu++20";
				CLANG_ENABLE_MODULES = YES;
				CLANG_ENABLE_OBJC_ARC = YES;
				CLANG_ENABLE_OBJC_WEAK = YES;
				CLANG_WARN_BLOCK_CAPTURE_AUTORELEASING = YES;
				CLANG_WARN_BOOL_CONVERSION = YES;
				CLANG_WARN_COMMA = YES;
				CLANG_WARN_CONSTANT_CONVERSION = YES;
				CLANG_WARN_DEPRECATED_OBJC_IMPLEMENTATIONS = YES;
				CLANG_WARN_DIRECT_OBJC_ISA_USAGE = YES_ERROR;
				CLANG_WARN_DOCUMENTATION_COMMENTS = YES;
				CLANG_WARN_EMPTY_BODY = YES;
				CLANG_WARN_ENUM_CONVERSION = YES;
				CLANG_WARN_INFINITE_RECURSION = YES;
				CLANG_WARN_INT_CONVERSION = YES;
				CLANG_WARN_NON_LITERAL_NULL_CONVERSION = YES;
				CLANG_WARN_OBJC_IMPLICIT_RETAIN_SELF = YES;
				CLANG_WARN_OBJC_LITERAL_CONVERSION = YES;
				CLANG_WARN_OBJC_ROOT_CLASS = YES_ERROR;
				CLANG_WARN_QUOTED_INCLUDE_IN_FRAMEWORK_HEADER = YES;
				CLANG_WARN_RANGE_LOOP_ANALYSIS = YES;
				CLANG_WARN_STRICT_PROTOTYPES = YES;
				CLANG_WARN_SUSPICIOUS_MOVE = YES;
				CLANG_WARN_UNGUARDED_AVAILABILITY = YES_AGGRESSIVE;
				CLANG_WARN_UNREACHABLE_CODE = YES;
				CLANG_WARN__DUPLICATE_METHOD_MATCH = YES;
				COPY_PHASE_STRIP = NO;
				DEBUG_INFORMATION_FORMAT = dwarf;
				ENABLE_STRICT_OBJC_MSGSEND = YES;
				ENABLE_TESTABILITY = YES;
				GCC_C_LANGUAGE_STANDARD = gnu11;
				GCC_DYNAMIC_NO_PIC = NO;
				GCC_NO_COMMON_BLOCKS = YES;
				GCC_OPTIMIZATION_LEVEL = 0;
				GCC_PREPROCESSOR_DEFINITIONS = (
					"DEBUG=1",
					"$(inherited)",
				);
				GCC_WARN_64_TO_32_BIT_CONVERSION = YES;
				GCC_WARN_ABOUT_RETURN_TYPE = YES_ERROR;
				GCC_WARN_UNDECLARED_SELECTOR = YES;
				GCC_WARN_UNINITIALIZED_AUTOS = YES_AGGRESSIVE;
				GCC_WARN_UNUSED_FUNCTION = YES;
				GCC_WARN_UNUSED_VARIABLE = YES;
				IPHONEOS_DEPLOYMENT_TARGET = 16.2;
				MTL_ENABLE_DEBUG_INFO = INCLUDE_SOURCE;
				MTL_FAST_MATH = YES;
				ONLY_ACTIVE_ARCH = YES;
				SDKROOT = iphoneos;
				SWIFT_ACTIVE_COMPILATION_CONDITIONS = DEBUG;
				SWIFT_OPTIMIZATION_LEVEL = "-Onone";
			};
			name = Debug;
		};
		2205BE3529BF32CE000B5231 /* Release */ = {
			isa = XCBuildConfiguration;
			buildSettings = {
				ALWAYS_SEARCH_USER_PATHS = NO;
				CLANG_ANALYZER_NONNULL = YES;
				CLANG_ANALYZER_NUMBER_OBJECT_CONVERSION = YES_AGGRESSIVE;
				CLANG_CXX_LANGUAGE_STANDARD = "gnu++20";
				CLANG_ENABLE_MODULES = YES;
				CLANG_ENABLE_OBJC_ARC = YES;
				CLANG_ENABLE_OBJC_WEAK = YES;
				CLANG_WARN_BLOCK_CAPTURE_AUTORELEASING = YES;
				CLANG_WARN_BOOL_CONVERSION = YES;
				CLANG_WARN_COMMA = YES;
				CLANG_WARN_CONSTANT_CONVERSION = YES;
				CLANG_WARN_DEPRECATED_OBJC_IMPLEMENTATIONS = YES;
				CLANG_WARN_DIRECT_OBJC_ISA_USAGE = YES_ERROR;
				CLANG_WARN_DOCUMENTATION_COMMENTS = YES;
				CLANG_WARN_EMPTY_BODY = YES;
				CLANG_WARN_ENUM_CONVERSION = YES;
				CLANG_WARN_INFINITE_RECURSION = YES;
				CLANG_WARN_INT_CONVERSION = YES;
				CLANG_WARN_NON_LITERAL_NULL_CONVERSION = YES;
				CLANG_WARN_OBJC_IMPLICIT_RETAIN_SELF = YES;
				CLANG_WARN_OBJC_LITERAL_CONVERSION = YES;
				CLANG_WARN_OBJC_ROOT_CLASS = YES_ERROR;
				CLANG_WARN_QUOTED_INCLUDE_IN_FRAMEWORK_HEADER = YES;
				CLANG_WARN_RANGE_LOOP_ANALYSIS = YES;
				CLANG_WARN_STRICT_PROTOTYPES = YES;
				CLANG_WARN_SUSPICIOUS_MOVE = YES;
				CLANG_WARN_UNGUARDED_AVAILABILITY = YES_AGGRESSIVE;
				CLANG_WARN_UNREACHABLE_CODE = YES;
				CLANG_WARN__DUPLICATE_METHOD_MATCH = YES;
				COPY_PHASE_STRIP = NO;
				DEBUG_INFORMATION_FORMAT = "dwarf-with-dsym";
				ENABLE_NS_ASSERTIONS = NO;
				ENABLE_STRICT_OBJC_MSGSEND = YES;
				GCC_C_LANGUAGE_STANDARD = gnu11;
				GCC_NO_COMMON_BLOCKS = YES;
				GCC_WARN_64_TO_32_BIT_CONVERSION = YES;
				GCC_WARN_ABOUT_RETURN_TYPE = YES_ERROR;
				GCC_WARN_UNDECLARED_SELECTOR = YES;
				GCC_WARN_UNINITIALIZED_AUTOS = YES_AGGRESSIVE;
				GCC_WARN_UNUSED_FUNCTION = YES;
				GCC_WARN_UNUSED_VARIABLE = YES;
				IPHONEOS_DEPLOYMENT_TARGET = 16.2;
				MTL_ENABLE_DEBUG_INFO = NO;
				MTL_FAST_MATH = YES;
				SDKROOT = iphoneos;
				SWIFT_COMPILATION_MODE = wholemodule;
				SWIFT_OPTIMIZATION_LEVEL = "-O";
				VALIDATE_PRODUCT = YES;
			};
			name = Release;
		};
		2205BE3729BF32CE000B5231 /* Debug */ = {
			isa = XCBuildConfiguration;
			buildSettings = {
				ASSETCATALOG_COMPILER_APPICON_NAME = AppIcon;
				ASSETCATALOG_COMPILER_GLOBAL_ACCENT_COLOR_NAME = AccentColor;
				CODE_SIGN_STYLE = Automatic;
				CURRENT_PROJECT_VERSION = 1;
				DEVELOPMENT_ASSET_PATHS = "\"MealPlanner/Preview Content\"";
				DEVELOPMENT_TEAM = CKQNA48U9B;
				ENABLE_PREVIEWS = YES;
				GENERATE_INFOPLIST_FILE = YES;
				INFOPLIST_KEY_UIApplicationSceneManifest_Generation = YES;
				INFOPLIST_KEY_UIApplicationSupportsIndirectInputEvents = YES;
				INFOPLIST_KEY_UILaunchScreen_Generation = YES;
				INFOPLIST_KEY_UISupportedInterfaceOrientations_iPad = "UIInterfaceOrientationPortrait UIInterfaceOrientationPortraitUpsideDown UIInterfaceOrientationLandscapeLeft UIInterfaceOrientationLandscapeRight";
				INFOPLIST_KEY_UISupportedInterfaceOrientations_iPhone = "UIInterfaceOrientationPortrait UIInterfaceOrientationLandscapeLeft UIInterfaceOrientationLandscapeRight";
				LD_RUNPATH_SEARCH_PATHS = (
					"$(inherited)",
					"@executable_path/Frameworks",
				);
				MARKETING_VERSION = 1.0;
				PRODUCT_BUNDLE_IDENTIFIER = com.timbausch.MealPlanner;
				PRODUCT_NAME = "$(TARGET_NAME)";
				SWIFT_EMIT_LOC_STRINGS = YES;
				SWIFT_VERSION = 5.0;
				TARGETED_DEVICE_FAMILY = "1,2";
			};
			name = Debug;
		};
		2205BE3829BF32CE000B5231 /* Release */ = {
			isa = XCBuildConfiguration;
			buildSettings = {
				ASSETCATALOG_COMPILER_APPICON_NAME = AppIcon;
				ASSETCATALOG_COMPILER_GLOBAL_ACCENT_COLOR_NAME = AccentColor;
				CODE_SIGN_STYLE = Automatic;
				CURRENT_PROJECT_VERSION = 1;
				DEVELOPMENT_ASSET_PATHS = "\"MealPlanner/Preview Content\"";
				DEVELOPMENT_TEAM = CKQNA48U9B;
				ENABLE_PREVIEWS = YES;
				GENERATE_INFOPLIST_FILE = YES;
				INFOPLIST_KEY_UIApplicationSceneManifest_Generation = YES;
				INFOPLIST_KEY_UIApplicationSupportsIndirectInputEvents = YES;
				INFOPLIST_KEY_UILaunchScreen_Generation = YES;
				INFOPLIST_KEY_UISupportedInterfaceOrientations_iPad = "UIInterfaceOrientationPortrait UIInterfaceOrientationPortraitUpsideDown UIInterfaceOrientationLandscapeLeft UIInterfaceOrientationLandscapeRight";
				INFOPLIST_KEY_UISupportedInterfaceOrientations_iPhone = "UIInterfaceOrientationPortrait UIInterfaceOrientationLandscapeLeft UIInterfaceOrientationLandscapeRight";
				LD_RUNPATH_SEARCH_PATHS = (
					"$(inherited)",
					"@executable_path/Frameworks",
				);
				MARKETING_VERSION = 1.0;
				PRODUCT_BUNDLE_IDENTIFIER = com.timbausch.MealPlanner;
				PRODUCT_NAME = "$(TARGET_NAME)";
				SWIFT_EMIT_LOC_STRINGS = YES;
				SWIFT_VERSION = 5.0;
				TARGETED_DEVICE_FAMILY = "1,2";
			};
			name = Release;
		};
		2205BE3A29BF32CE000B5231 /* Debug */ = {
			isa = XCBuildConfiguration;
			buildSettings = {
				ALWAYS_EMBED_SWIFT_STANDARD_LIBRARIES = YES;
				BUNDLE_LOADER = "$(TEST_HOST)";
				CODE_SIGN_STYLE = Automatic;
				CURRENT_PROJECT_VERSION = 1;
				DEVELOPMENT_TEAM = CKQNA48U9B;
				GENERATE_INFOPLIST_FILE = YES;
				IPHONEOS_DEPLOYMENT_TARGET = 16.2;
				MARKETING_VERSION = 1.0;
				PRODUCT_BUNDLE_IDENTIFIER = com.timbausch.MealPlannerTests;
				PRODUCT_NAME = "$(TARGET_NAME)";
				SWIFT_EMIT_LOC_STRINGS = NO;
				SWIFT_VERSION = 5.0;
				TARGETED_DEVICE_FAMILY = "1,2";
				TEST_HOST = "$(BUILT_PRODUCTS_DIR)/MealPlanner.app/$(BUNDLE_EXECUTABLE_FOLDER_PATH)/MealPlanner";
			};
			name = Debug;
		};
		2205BE3B29BF32CE000B5231 /* Release */ = {
			isa = XCBuildConfiguration;
			buildSettings = {
				ALWAYS_EMBED_SWIFT_STANDARD_LIBRARIES = YES;
				BUNDLE_LOADER = "$(TEST_HOST)";
				CODE_SIGN_STYLE = Automatic;
				CURRENT_PROJECT_VERSION = 1;
				DEVELOPMENT_TEAM = CKQNA48U9B;
				GENERATE_INFOPLIST_FILE = YES;
				IPHONEOS_DEPLOYMENT_TARGET = 16.2;
				MARKETING_VERSION = 1.0;
				PRODUCT_BUNDLE_IDENTIFIER = com.timbausch.MealPlannerTests;
				PRODUCT_NAME = "$(TARGET_NAME)";
				SWIFT_EMIT_LOC_STRINGS = NO;
				SWIFT_VERSION = 5.0;
				TARGETED_DEVICE_FAMILY = "1,2";
				TEST_HOST = "$(BUILT_PRODUCTS_DIR)/MealPlanner.app/$(BUNDLE_EXECUTABLE_FOLDER_PATH)/MealPlanner";
			};
			name = Release;
		};
		2205BE3D29BF32CE000B5231 /* Debug */ = {
			isa = XCBuildConfiguration;
			buildSettings = {
				ALWAYS_EMBED_SWIFT_STANDARD_LIBRARIES = YES;
				CODE_SIGN_STYLE = Automatic;
				CURRENT_PROJECT_VERSION = 1;
				DEVELOPMENT_TEAM = CKQNA48U9B;
				GENERATE_INFOPLIST_FILE = YES;
				MARKETING_VERSION = 1.0;
				PRODUCT_BUNDLE_IDENTIFIER = com.timbausch.MealPlannerUITests;
				PRODUCT_NAME = "$(TARGET_NAME)";
				SWIFT_EMIT_LOC_STRINGS = NO;
				SWIFT_VERSION = 5.0;
				TARGETED_DEVICE_FAMILY = "1,2";
				TEST_TARGET_NAME = MealPlanner;
			};
			name = Debug;
		};
		2205BE3E29BF32CE000B5231 /* Release */ = {
			isa = XCBuildConfiguration;
			buildSettings = {
				ALWAYS_EMBED_SWIFT_STANDARD_LIBRARIES = YES;
				CODE_SIGN_STYLE = Automatic;
				CURRENT_PROJECT_VERSION = 1;
				DEVELOPMENT_TEAM = CKQNA48U9B;
				GENERATE_INFOPLIST_FILE = YES;
				MARKETING_VERSION = 1.0;
				PRODUCT_BUNDLE_IDENTIFIER = com.timbausch.MealPlannerUITests;
				PRODUCT_NAME = "$(TARGET_NAME)";
				SWIFT_EMIT_LOC_STRINGS = NO;
				SWIFT_VERSION = 5.0;
				TARGETED_DEVICE_FAMILY = "1,2";
				TEST_TARGET_NAME = MealPlanner;
			};
			name = Release;
		};
/* End XCBuildConfiguration section */

/* Begin XCConfigurationList section */
		2205BE0729BF32CD000B5231 /* Build configuration list for PBXProject "MealPlanner" */ = {
			isa = XCConfigurationList;
			buildConfigurations = (
				2205BE3429BF32CE000B5231 /* Debug */,
				2205BE3529BF32CE000B5231 /* Release */,
			);
			defaultConfigurationIsVisible = 0;
			defaultConfigurationName = Release;
		};
		2205BE3629BF32CE000B5231 /* Build configuration list for PBXNativeTarget "MealPlanner" */ = {
			isa = XCConfigurationList;
			buildConfigurations = (
				2205BE3729BF32CE000B5231 /* Debug */,
				2205BE3829BF32CE000B5231 /* Release */,
			);
			defaultConfigurationIsVisible = 0;
			defaultConfigurationName = Release;
		};
		2205BE3929BF32CE000B5231 /* Build configuration list for PBXNativeTarget "MealPlannerTests" */ = {
			isa = XCConfigurationList;
			buildConfigurations = (
				2205BE3A29BF32CE000B5231 /* Debug */,
				2205BE3B29BF32CE000B5231 /* Release */,
			);
			defaultConfigurationIsVisible = 0;
			defaultConfigurationName = Release;
		};
		2205BE3C29BF32CE000B5231 /* Build configuration list for PBXNativeTarget "MealPlannerUITests" */ = {
			isa = XCConfigurationList;
			buildConfigurations = (
				2205BE3D29BF32CE000B5231 /* Debug */,
				2205BE3E29BF32CE000B5231 /* Release */,
			);
			defaultConfigurationIsVisible = 0;
			defaultConfigurationName = Release;
		};
/* End XCConfigurationList section */

/* Begin XCVersionGroup section */
		2205BE1A29BF32CE000B5231 /* MealPlanner.xcdatamodeld */ = {
			isa = XCVersionGroup;
			children = (
				2205BE1B29BF32CE000B5231 /* MealPlanner.xcdatamodel */,
			);
			currentVersion = 2205BE1B29BF32CE000B5231 /* MealPlanner.xcdatamodel */;
			path = MealPlanner.xcdatamodeld;
			sourceTree = "<group>";
			versionGroupType = wrapper.xcdatamodel;
		};
/* End XCVersionGroup section */
	};
	rootObject = 2205BE0429BF32CD000B5231 /* Project object */;
}
